
Microsoft Visual Studio Solution File, Format Version 12.00
# Visual Studio Version 16
VisualStudioVersion = 16.0.29509.3
MinimumVisualStudioVersion = 10.0.40219.1
Project("{9A19103F-16F7-4668-BE54-9A1E7A4F7556}") = "SerializerSharp", "SerializerSharp\SerializerSharp.csproj", "{C5028961-5F4B-4D68-A152-1349CC63CFD2}"
EndProject
Project("{9A19103F-16F7-4668-BE54-9A1E7A4F7556}") = "SerializerSharpDemo", "SerializerSharpDemo\SerializerSharpDemo.csproj", "{F4956778-C889-4852-BB5F-C07C0FC4BB03}"
EndProject
Project("{2150E333-8FDC-42A3-9474-1A3956D46DE8}") = "参考文档", "参考文档", "{70790425-289F-4851-A85A-AFC9D4939EAB}"
	ProjectSection(SolutionItems) = preProject
		.gitignore = .gitignore
		README.md = README.md
	EndProjectSection
EndProject
Global
	GlobalSection(SolutionConfigurationPlatforms) = preSolution
		Debug|Any CPU = Debug|Any CPU
		Release|Any CPU = Release|Any CPU
	EndGlobalSection
	GlobalSection(ProjectConfigurationPlatforms) = postSolution
		{C5028961-5F4B-4D68-A152-1349CC63CFD2}.Debug|Any CPU.ActiveCfg = Debug|Any CPU
		{C5028961-5F4B-4D68-A152-1349CC63CFD2}.Debug|Any CPU.Build.0 = Debug|Any CPU
		{C5028961-5F4B-4D68-A152-1349CC63CFD2}.Release|Any CPU.ActiveCfg = Release|Any CPU
		{C5028961-5F4B-4D68-A152-1349CC63CFD2}.Release|Any CPU.Build.0 = Release|Any CPU
		{F4956778-C889-4852-BB5F-C07C0FC4BB03}.Debug|Any CPU.ActiveCfg = Debug|Any CPU
		{F4956778-C889-4852-BB5F-C07C0FC4BB03}.Debug|Any CPU.Build.0 = Debug|Any CPU
		{F4956778-C889-4852-BB5F-C07C0FC4BB03}.Release|Any CPU.ActiveCfg = Release|Any CPU
		{F4956778-C889-4852-BB5F-C07C0FC4BB03}.Release|Any CPU.Build.0 = Release|Any CPU
	EndGlobalSection
	GlobalSection(SolutionProperties) = preSolution
		HideSolutionNode = FALSE
	EndGlobalSection
	GlobalSection(ExtensibilityGlobals) = postSolution
		SolutionGuid = {347DAFD0-7CDC-4514-A0A3-C07B0C85FB59}
	EndGlobalSection
EndGlobal
