
Microsoft Visual Studio Solution File, Format Version 12.00
# Visual Studio Version 16
VisualStudioVersion = 16.0.29509.3
MinimumVisualStudioVersion = 10.0.40219.1
Project("{9A19103F-16F7-4668-BE54-9A1E7A4F7556}") = "SerializerSharp", "SerializerSharp\SerializerSharp.csproj", "{C5028961-5F4B-4D68-A152-1349CC63CFD2}"
EndProject
Project("{2150E333-8FDC-42A3-9474-1A3956D46DE8}") = "Document", "Document", "{70790425-289F-4851-A85A-AFC9D4939EAB}"
	ProjectSection(SolutionItems) = preProject
		.gitignore = .gitignore
		Nuget-Package-Publish.md = Nuget-Package-Publish.md
		README.md = README.md
	EndProjectSection
EndProject
Project("{FAE04EC0-301F-11D3-BF4B-00C04F79EFBC}") = "SerializerSharpFrameworkConsole", "SerializerSharpFrameworkConsole\SerializerSharpFrameworkConsole.csproj", "{1F2849E5-C604-446A-BE69-7D6E9EE24DA8}"
EndProject
Project("{9A19103F-16F7-4668-BE54-9A1E7A4F7556}") = "SerializerSharpCoreConsole", "SerializerSharpCoreConsole\SerializerSharpCoreConsole.csproj", "{B82E7A38-4BEF-4753-BE80-06A27067A83D}"
EndProject
Global
	GlobalSection(SolutionConfigurationPlatforms) = preSolution
		Debug|Any CPU = Debug|Any CPU
		Release|Any CPU = Release|Any CPU
	EndGlobalSection
	GlobalSection(ProjectConfigurationPlatforms) = postSolution
		{C5028961-5F4B-4D68-A152-1349CC63CFD2}.Debug|Any CPU.ActiveCfg = Debug|Any CPU
		{C5028961-5F4B-4D68-A152-1349CC63CFD2}.Debug|Any CPU.Build.0 = Debug|Any CPU
		{C5028961-5F4B-4D68-A152-1349CC63CFD2}.Release|Any CPU.ActiveCfg = Release|Any CPU
		{C5028961-5F4B-4D68-A152-1349CC63CFD2}.Release|Any CPU.Build.0 = Release|Any CPU
		{1F2849E5-C604-446A-BE69-7D6E9EE24DA8}.Debug|Any CPU.ActiveCfg = Debug|Any CPU
		{1F2849E5-C604-446A-BE69-7D6E9EE24DA8}.Debug|Any CPU.Build.0 = Debug|Any CPU
		{1F2849E5-C604-446A-BE69-7D6E9EE24DA8}.Release|Any CPU.ActiveCfg = Release|Any CPU
		{1F2849E5-C604-446A-BE69-7D6E9EE24DA8}.Release|Any CPU.Build.0 = Release|Any CPU
		{B82E7A38-4BEF-4753-BE80-06A27067A83D}.Debug|Any CPU.ActiveCfg = Debug|Any CPU
		{B82E7A38-4BEF-4753-BE80-06A27067A83D}.Debug|Any CPU.Build.0 = Debug|Any CPU
		{B82E7A38-4BEF-4753-BE80-06A27067A83D}.Release|Any CPU.ActiveCfg = Release|Any CPU
		{B82E7A38-4BEF-4753-BE80-06A27067A83D}.Release|Any CPU.Build.0 = Release|Any CPU
	EndGlobalSection
	GlobalSection(SolutionProperties) = preSolution
		HideSolutionNode = FALSE
	EndGlobalSection
	GlobalSection(ExtensibilityGlobals) = postSolution
		SolutionGuid = {347DAFD0-7CDC-4514-A0A3-C07B0C85FB59}
	EndGlobalSection
EndGlobal
